
Microsoft Visual Studio Solution File, Format Version 12.00
# Visual Studio Version 16
VisualStudioVersion = 16.0.30907.101
MinimumVisualStudioVersion = 10.0.40219.1
Project("{9A19103F-16F7-4668-BE54-9A1E7A4F7556}") = "LSTY.Sdtd.PatronsMod.Data", "src\LSTY.Sdtd.PatronsMod.Data\LSTY.Sdtd.PatronsMod.Data.csproj", "{5E4524CC-7672-4388-A0EF-2F592F2B9CEF}"
EndProject
Project("{9A19103F-16F7-4668-BE54-9A1E7A4F7556}") = "LSTY.Sdtd.PatronsMod", "src\LSTY.Sdtd.PatronsMod\LSTY.Sdtd.PatronsMod.csproj", "{1E6D4788-A00A-486D-8CD8-0E1E235DEDE5}"
EndProject
Project("{2150E333-8FDC-42A3-9474-1A3956D46DE8}") = "1-PatronsMod", "1-PatronsMod", "{DA896AE9-E43A-4133-A324-C6F5C8D3F561}"
EndProject
Project("{2150E333-8FDC-42A3-9474-1A3956D46DE8}") = "2-AspWebApi", "2-AspWebApi", "{CDBC7CD8-D1A3-4923-9B24-AA6120334AB3}"
EndProject
Project("{9A19103F-16F7-4668-BE54-9A1E7A4F7556}") = "LSTY.Sdtd.WebApi.Data", "src\LSTY.Sdtd.WebApi.Data\LSTY.Sdtd.WebApi.Data.csproj", "{049EC909-3AAF-493F-8796-D41CF115E99D}"
EndProject
Project("{9A19103F-16F7-4668-BE54-9A1E7A4F7556}") = "LSTY.Sdtd.WebApi", "src\LSTY.Sdtd.WebApi\LSTY.Sdtd.WebApi.csproj", "{6844D83F-1DD4-4A07-AE3E-C52F12D5D2A4}"
EndProject
Project("{2150E333-8FDC-42A3-9474-1A3956D46DE8}") = "0-Common", "0-Common", "{519055E1-DB7E-4B49-8B7F-5E98DDC2CF39}"
EndProject
Project("{9A19103F-16F7-4668-BE54-9A1E7A4F7556}") = "IceCoffee.AspNetCore", "..\..\..\..\C#Tools\IceCoffee\IceCoffee.AspNetCore\IceCoffee.AspNetCore\IceCoffee.AspNetCore.csproj", "{75248F0A-D389-4B1B-9110-CB08C3C1357A}"
EndProject
Global
	GlobalSection(SolutionConfigurationPlatforms) = preSolution
		Debug|Any CPU = Debug|Any CPU
		Release|Any CPU = Release|Any CPU
	EndGlobalSection
	GlobalSection(ProjectConfigurationPlatforms) = postSolution
		{5E4524CC-7672-4388-A0EF-2F592F2B9CEF}.Debug|Any CPU.ActiveCfg = Debug|Any CPU
		{5E4524CC-7672-4388-A0EF-2F592F2B9CEF}.Debug|Any CPU.Build.0 = Debug|Any CPU
		{5E4524CC-7672-4388-A0EF-2F592F2B9CEF}.Release|Any CPU.ActiveCfg = Release|Any CPU
		{5E4524CC-7672-4388-A0EF-2F592F2B9CEF}.Release|Any CPU.Build.0 = Release|Any CPU
		{1E6D4788-A00A-486D-8CD8-0E1E235DEDE5}.Debug|Any CPU.ActiveCfg = Debug|Any CPU
		{1E6D4788-A00A-486D-8CD8-0E1E235DEDE5}.Debug|Any CPU.Build.0 = Debug|Any CPU
		{1E6D4788-A00A-486D-8CD8-0E1E235DEDE5}.Release|Any CPU.ActiveCfg = Release|Any CPU
		{1E6D4788-A00A-486D-8CD8-0E1E235DEDE5}.Release|Any CPU.Build.0 = Release|Any CPU
		{049EC909-3AAF-493F-8796-D41CF115E99D}.Debug|Any CPU.ActiveCfg = Debug|Any CPU
		{049EC909-3AAF-493F-8796-D41CF115E99D}.Debug|Any CPU.Build.0 = Debug|Any CPU
		{049EC909-3AAF-493F-8796-D41CF115E99D}.Release|Any CPU.ActiveCfg = Release|Any CPU
		{049EC909-3AAF-493F-8796-D41CF115E99D}.Release|Any CPU.Build.0 = Release|Any CPU
		{6844D83F-1DD4-4A07-AE3E-C52F12D5D2A4}.Debug|Any CPU.ActiveCfg = Debug|Any CPU
		{6844D83F-1DD4-4A07-AE3E-C52F12D5D2A4}.Debug|Any CPU.Build.0 = Debug|Any CPU
		{6844D83F-1DD4-4A07-AE3E-C52F12D5D2A4}.Release|Any CPU.ActiveCfg = Release|Any CPU
		{6844D83F-1DD4-4A07-AE3E-C52F12D5D2A4}.Release|Any CPU.Build.0 = Release|Any CPU
		{75248F0A-D389-4B1B-9110-CB08C3C1357A}.Debug|Any CPU.ActiveCfg = Debug|Any CPU
		{75248F0A-D389-4B1B-9110-CB08C3C1357A}.Debug|Any CPU.Build.0 = Debug|Any CPU
		{75248F0A-D389-4B1B-9110-CB08C3C1357A}.Release|Any CPU.ActiveCfg = Release|Any CPU
		{75248F0A-D389-4B1B-9110-CB08C3C1357A}.Release|Any CPU.Build.0 = Release|Any CPU
	EndGlobalSection
	GlobalSection(SolutionProperties) = preSolution
		HideSolutionNode = FALSE
	EndGlobalSection
	GlobalSection(NestedProjects) = preSolution
		{5E4524CC-7672-4388-A0EF-2F592F2B9CEF} = {DA896AE9-E43A-4133-A324-C6F5C8D3F561}
		{1E6D4788-A00A-486D-8CD8-0E1E235DEDE5} = {DA896AE9-E43A-4133-A324-C6F5C8D3F561}
		{049EC909-3AAF-493F-8796-D41CF115E99D} = {CDBC7CD8-D1A3-4923-9B24-AA6120334AB3}
		{6844D83F-1DD4-4A07-AE3E-C52F12D5D2A4} = {CDBC7CD8-D1A3-4923-9B24-AA6120334AB3}
		{75248F0A-D389-4B1B-9110-CB08C3C1357A} = {519055E1-DB7E-4B49-8B7F-5E98DDC2CF39}
	EndGlobalSection
	GlobalSection(ExtensibilityGlobals) = postSolution
		SolutionGuid = {DFC98DA0-0915-4915-A4E4-B526B8899F94}
	EndGlobalSection
EndGlobal
